
Microsoft Visual Studio Solution File, Format Version 12.00
# Visual Studio Version 16
VisualStudioVersion = 16.0.30907.101
MinimumVisualStudioVersion = 15.0.26124.0
Project("{9A19103F-16F7-4668-BE54-9A1E7A4F7556}") = "PodcastNotifications.Functions", "PodcastNotifications.Functions\PodcastNotifications.Functions.csproj", "{97445A11-BD7C-4467-95DE-588E98263110}"
EndProject
Project("{2150E333-8FDC-42A3-9474-1A3956D46DE8}") = "Solution Items", "Solution Items", "{B8F4EE7B-EAA3-4959-A2FB-66E4A1535B65}"
	ProjectSection(SolutionItems) = preProject
		build\azure-pipelines-prod.yml = build\azure-pipelines-prod.yml
	EndProjectSection
EndProject
Global
	GlobalSection(SolutionConfigurationPlatforms) = preSolution
		Debug|Any CPU = Debug|Any CPU
		Debug|x64 = Debug|x64
		Debug|x86 = Debug|x86
		Release|Any CPU = Release|Any CPU
		Release|x64 = Release|x64
		Release|x86 = Release|x86
	EndGlobalSection
	GlobalSection(ProjectConfigurationPlatforms) = postSolution
		{97445A11-BD7C-4467-95DE-588E98263110}.Debug|Any CPU.ActiveCfg = Debug|Any CPU
		{97445A11-BD7C-4467-95DE-588E98263110}.Debug|Any CPU.Build.0 = Debug|Any CPU
		{97445A11-BD7C-4467-95DE-588E98263110}.Debug|x64.ActiveCfg = Debug|Any CPU
		{97445A11-BD7C-4467-95DE-588E98263110}.Debug|x64.Build.0 = Debug|Any CPU
		{97445A11-BD7C-4467-95DE-588E98263110}.Debug|x86.ActiveCfg = Debug|Any CPU
		{97445A11-BD7C-4467-95DE-588E98263110}.Debug|x86.Build.0 = Debug|Any CPU
		{97445A11-BD7C-4467-95DE-588E98263110}.Release|Any CPU.ActiveCfg = Release|Any CPU
		{97445A11-BD7C-4467-95DE-588E98263110}.Release|Any CPU.Build.0 = Release|Any CPU
		{97445A11-BD7C-4467-95DE-588E98263110}.Release|x64.ActiveCfg = Release|Any CPU
		{97445A11-BD7C-4467-95DE-588E98263110}.Release|x64.Build.0 = Release|Any CPU
		{97445A11-BD7C-4467-95DE-588E98263110}.Release|x86.ActiveCfg = Release|Any CPU
		{97445A11-BD7C-4467-95DE-588E98263110}.Release|x86.Build.0 = Release|Any CPU
	EndGlobalSection
	GlobalSection(SolutionProperties) = preSolution
		HideSolutionNode = FALSE
	EndGlobalSection
	GlobalSection(ExtensibilityGlobals) = postSolution
		SolutionGuid = {261E792B-F92B-4797-B492-84E29B0E56BE}
	EndGlobalSection
EndGlobal
